
Microsoft Visual Studio Solution File, Format Version 12.00
# Visual Studio Version 16
VisualStudioVersion = 16.0.31911.196
MinimumVisualStudioVersion = 10.0.40219.1
Project("{FAE04EC0-301F-11D3-BF4B-00C04F79EFBC}") = "Video.Website", "Video.Website\Video.Website.csproj", "{C50FA770-6AFF-4B64-A65B-B20D32A25849}"
EndProject
Global
	GlobalSection(SolutionConfigurationPlatforms) = preSolution
		Debug|Any CPU = Debug|Any CPU
		Release|Any CPU = Release|Any CPU
	EndGlobalSection
	GlobalSection(ProjectConfigurationPlatforms) = postSolution
		{C50FA770-6AFF-4B64-A65B-B20D32A25849}.Debug|Any CPU.ActiveCfg = Debug|Any CPU
		{C50FA770-6AFF-4B64-A65B-B20D32A25849}.Debug|Any CPU.Build.0 = Debug|Any CPU
		{C50FA770-6AFF-4B64-A65B-B20D32A25849}.Release|Any CPU.ActiveCfg = Release|Any CPU
		{C50FA770-6AFF-4B64-A65B-B20D32A25849}.Release|Any CPU.Build.0 = Release|Any CPU
	EndGlobalSection
	GlobalSection(SolutionProperties) = preSolution
		HideSolutionNode = FALSE
	EndGlobalSection
	GlobalSection(ExtensibilityGlobals) = postSolution
		SolutionGuid = {E742F92A-2A66-4DE7-B76C-D331E07CCA4C}
	EndGlobalSection
EndGlobal
